PODS:
  - BadgifySwift (2.0.0)
  - iOSSnapshotTestCase (6.0.3):
    - iOSSnapshotTestCase/SwiftSupport (= 6.0.3)
  - iOSSnapshotTestCase/Core (6.0.3)
  - iOSSnapshotTestCase/SwiftSupport (6.0.3):
    - iOSSnapshotTestCase/Core

DEPENDENCIES:
  - BadgifySwift (from `../`)
  - iOSSnapshotTestCase (~> 6.0.3)

SPEC REPOS:
  https://github.com/cocoapods/specs.git:
    - iOSSnapshotTestCase

EXTERNAL SOURCES:
  BadgifySwift:
    :path: "../"

SPEC CHECKSUMS:
  BadgifySwift: fab5473460be8dd895c30341fbc857ff6ffa8705
  iOSSnapshotTestCase: 944a73f6d9676302811a86c0cf35f0e6ef5ab2a0

PODFILE CHECKSUM: 06000968393e46dd22f72f083736398c83be2b86

COCOAPODS: 1.5.2
